// !$*UTF8*$!
{
	archiveVersion = 1;
	classes = {
	};
	objectVersion = 46;
	objects = {

/* Begin PBXBuildFile section */
		781B9D361A02A24D008EA800 /* AppDelegate.swift in Sources */ = {isa = PBXBuildFile; fileRef = 781B9D351A02A24D008EA800 /* AppDelegate.swift */; };
		781B9D3A1A02A24D008EA800 /* GameScene.swift in Sources */ = {isa = PBXBuildFile; fileRef = 781B9D391A02A24D008EA800 /* GameScene.swift */; };
		781B9D3C1A02A24D008EA800 /* GameViewController.swift in Sources */ = {isa = PBXBuildFile; fileRef = 781B9D3B1A02A24D008EA800 /* GameViewController.swift */; };
		781B9D3F1A02A24D008EA800 /* Main.storyboard in Resources */ = {isa = PBXBuildFile; fileRef = 781B9D3D1A02A24D008EA800 /* Main.storyboard */; };
		781B9D411A02A24D008EA800 /* Images.xcassets in Resources */ = {isa = PBXBuildFile; fileRef = 781B9D401A02A24D008EA800 /* Images.xcassets */; };
		781B9D4D1A02A24D008EA800 /* iTetrisTests.swift in Sources */ = {isa = PBXBuildFile; fileRef = 781B9D4C1A02A24D008EA800 /* iTetrisTests.swift */; };
		781B9D571A02A380008EA800 /* Block.swift in Sources */ = {isa = PBXBuildFile; fileRef = 781B9D561A02A380008EA800 /* Block.swift */; };
		781B9D591A02A398008EA800 /* Shape.swift in Sources */ = {isa = PBXBuildFile; fileRef = 781B9D581A02A398008EA800 /* Shape.swift */; };
		781B9D5B1A02A3A8008EA800 /* ITetris.swift in Sources */ = {isa = PBXBuildFile; fileRef = 781B9D5A1A02A3A8008EA800 /* ITetris.swift */; };
		781B9D5D1A02A3B7008EA800 /* LineShape.swift in Sources */ = {isa = PBXBuildFile; fileRef = 781B9D5C1A02A3B7008EA800 /* LineShape.swift */; };
		781B9D5F1A02A3C1008EA800 /* LShape.swift in Sources */ = {isa = PBXBuildFile; fileRef = 781B9D5E1A02A3C1008EA800 /* LShape.swift */; };
		781B9D611A02A3C8008EA800 /* JShape.swift in Sources */ = {isa = PBXBuildFile; fileRef = 781B9D601A02A3C8008EA800 /* JShape.swift */; };
		781B9D631A02A3D2008EA800 /* SShape.swift in Sources */ = {isa = PBXBuildFile; fileRef = 781B9D621A02A3D2008EA800 /* SShape.swift */; };
		781B9D651A02A3D9008EA800 /* ZShape.swift in Sources */ = {isa = PBXBuildFile; fileRef = 781B9D641A02A3D9008EA800 /* ZShape.swift */; };
		781B9D671A02A3E5008EA800 /* SquareShape.swift in Sources */ = {isa = PBXBuildFile; fileRef = 781B9D661A02A3E5008EA800 /* SquareShape.swift */; };
		781B9D691A02A3EC008EA800 /* TShape.swift in Sources */ = {isa = PBXBuildFile; fileRef = 781B9D681A02A3EC008EA800 /* TShape.swift */; };
		781B9D6B1A02A3F8008EA800 /* Array2D.swift in Sources */ = {isa = PBXBuildFile; fileRef = 781B9D6A1A02A3F8008EA800 /* Array2D.swift */; };
		781B9D721A02A517008EA800 /* bomb.mp3 in Resources */ = {isa = PBXBuildFile; fileRef = 781B9D6D1A02A517008EA800 /* bomb.mp3 */; };
		781B9D731A02A517008EA800 /* drop.mp3 in Resources */ = {isa = PBXBuildFile; fileRef = 781B9D6E1A02A517008EA800 /* drop.mp3 */; };
		781B9D741A02A517008EA800 /* gameover.mp3 in Resources */ = {isa = PBXBuildFile; fileRef = 781B9D6F1A02A517008EA800 /* gameover.mp3 */; };
		781B9D751A02A517008EA800 /* levelup.mp3 in Resources */ = {isa = PBXBuildFile; fileRef = 781B9D701A02A517008EA800 /* levelup.mp3 */; };
		781B9D761A02A517008EA800 /* theme.mp3 in Resources */ = {isa = PBXBuildFile; fileRef = 781B9D711A02A517008EA800 /* theme.mp3 */; };
		781B9D781A02A537008EA800 /* Sprites.atlas in Resources */ = {isa = PBXBuildFile; fileRef = 781B9D771A02A537008EA800 /* Sprites.atlas */; };
		781B9D7F1A02A579008EA800 /* background.png in Resources */ = {isa = PBXBuildFile; fileRef = 781B9D791A02A579008EA800 /* background.png */; };
		781B9D801A02A579008EA800 /* background@2x.png in Resources */ = {isa = PBXBuildFile; fileRef = 781B9D7A1A02A579008EA800 /* background@2x.png */; };
		781B9D811A02A579008EA800 /* gameboard.png in Resources */ = {isa = PBXBuildFile; fileRef = 781B9D7B1A02A579008EA800 /* gameboard.png */; };
		781B9D821A02A579008EA800 /* gameboard@2x.png in Resources */ = {isa = PBXBuildFile; fileRef = 781B9D7C1A02A579008EA800 /* gameboard@2x.png */; };
		781B9D831A02A579008EA800 /* whitebg.png in Resources */ = {isa = PBXBuildFile; fileRef = 781B9D7D1A02A579008EA800 /* whitebg.png */; };
		781B9D841A02A579008EA800 /* whitebg@2x.png in Resources */ = {isa = PBXBuildFile; fileRef = 781B9D7E1A02A579008EA800 /* whitebg@2x.png */; };
/* End PBXBuildFile section */

/* Begin PBXContainerItemProxy section */
		781B9D471A02A24D008EA800 /* PBXContainerItemProxy */ = {
			isa = PBXContainerItemProxy;
			containerPortal = 781B9D281A02A24D008EA800 /* Project object */;
			proxyType = 1;
			remoteGlobalIDString = 781B9D2F1A02A24D008EA800;
			remoteInfo = iTetris;
		};
/* End PBXContainerItemProxy section */

/* Begin PBXFileReference section */
		781B9D301A02A24D008EA800 /* iTetris.app */ = {isa = PBXFileReference; explicitFileType = wrapper.application; includeInIndex = 0; path = iTetris.app; sourceTree = BUILT_PRODUCTS_DIR; };
		781B9D341A02A24D008EA800 /* Info.plist */ = {isa = PBXFileReference; lastKnownFileType = text.plist.xml; path = Info.plist; sourceTree = "<group>"; };
		781B9D351A02A24D008EA800 /* AppDelegate.swift */ = {isa = PBXFileReference; lastKnownFileType = sourcecode.swift; path = AppDelegate.swift; sourceTree = "<group>"; };
		781B9D391A02A24D008EA800 /* GameScene.swift */ = {isa = PBXFileReference; lastKnownFileType = sourcecode.swift; path = GameScene.swift; sourceTree = "<group>"; };
		781B9D3B1A02A24D008EA800 /* GameViewController.swift */ = {isa = PBXFileReference; lastKnownFileType = sourcecode.swift; path = GameViewController.swift; sourceTree = "<group>"; };
		781B9D3E1A02A24D008EA800 /* Base */ = {isa = PBXFileReference; lastKnownFileType = file.storyboard; name = Base; path = Base.lproj/Main.storyboard; sourceTree = "<group>"; };
		781B9D401A02A24D008EA800 /* Images.xcassets */ = {isa = PBXFileReference; lastKnownFileType = folder.assetcatalog; path = Images.xcassets; sourceTree = "<group>"; };
		781B9D461A02A24D008EA800 /* iTetrisTests.xctest */ = {isa = PBXFileReference; explicitFileType = wrapper.cfbundle; includeInIndex = 0; path = iTetrisTests.xctest; sourceTree = BUILT_PRODUCTS_DIR; };
		781B9D4B1A02A24D008EA800 /* Info.plist */ = {isa = PBXFileReference; lastKnownFileType = text.plist.xml; path = Info.plist; sourceTree = "<group>"; };
		781B9D4C1A02A24D008EA800 /* iTetrisTests.swift */ = {isa = PBXFileReference; lastKnownFileType = sourcecode.swift; path = iTetrisTests.swift; sourceTree = "<group>"; };
		781B9D561A02A380008EA800 /* Block.swift */ = {isa = PBXFileReference; fileEncoding = 4; lastKnownFileType = sourcecode.swift; path = Block.swift; sourceTree = "<group>"; };
		781B9D581A02A398008EA800 /* Shape.swift */ = {isa = PBXFileReference; fileEncoding = 4; lastKnownFileType = sourcecode.swift; path = Shape.swift; sourceTree = "<group>"; };
		781B9D5A1A02A3A8008EA800 /* ITetris.swift */ = {isa = PBXFileReference; fileEncoding = 4; lastKnownFileType = sourcecode.swift; path = ITetris.swift; sourceTree = "<group>"; };
		781B9D5C1A02A3B7008EA800 /* LineShape.swift */ = {isa = PBXFileReference; fileEncoding = 4; lastKnownFileType = sourcecode.swift; path = LineShape.swift; sourceTree = "<group>"; };
		781B9D5E1A02A3C1008EA800 /* LShape.swift */ = {isa = PBXFileReference; fileEncoding = 4; lastKnownFileType = sourcecode.swift; path = LShape.swift; sourceTree = "<group>"; };
		781B9D601A02A3C8008EA800 /* JShape.swift */ = {isa = PBXFileReference; fileEncoding = 4; lastKnownFileType = sourcecode.swift; path = JShape.swift; sourceTree = "<group>"; };
		781B9D621A02A3D2008EA800 /* SShape.swift */ = {isa = PBXFileReference; fileEncoding = 4; lastKnownFileType = sourcecode.swift; path = SShape.swift; sourceTree = "<group>"; };
		781B9D641A02A3D9008EA800 /* ZShape.swift */ = {isa = PBXFileReference; fileEncoding = 4; lastKnownFileType = sourcecode.swift; path = ZShape.swift; sourceTree = "<group>"; };
		781B9D661A02A3E5008EA800 /* SquareShape.swift */ = {isa = PBXFileReference; fileEncoding = 4; lastKnownFileType = sourcecode.swift; path = SquareShape.swift; sourceTree = "<group>"; };
		781B9D681A02A3EC008EA800 /* TShape.swift */ = {isa = PBXFileReference; fileEncoding = 4; lastKnownFileType = sourcecode.swift; path = TShape.swift; sourceTree = "<group>"; };
		781B9D6A1A02A3F8008EA800 /* Array2D.swift */ = {isa = PBXFileReference; fileEncoding = 4; lastKnownFileType = sourcecode.swift; path = Array2D.swift; sourceTree = "<group>"; };
		781B9D6D1A02A517008EA800 /* bomb.mp3 */ = {isa = PBXFileReference; lastKnownFileType = audio.mp3; path = bomb.mp3; sourceTree = "<group>"; };
		781B9D6E1A02A517008EA800 /* drop.mp3 */ = {isa = PBXFileReference; lastKnownFileType = audio.mp3; path = drop.mp3; sourceTree = "<group>"; };
		781B9D6F1A02A517008EA800 /* gameover.mp3 */ = {isa = PBXFileReference; lastKnownFileType = audio.mp3; path = gameover.mp3; sourceTree = "<group>"; };
		781B9D701A02A517008EA800 /* levelup.mp3 */ = {isa = PBXFileReference; lastKnownFileType = audio.mp3; path = levelup.mp3; sourceTree = "<group>"; };
		781B9D711A02A517008EA800 /* theme.mp3 */ = {isa = PBXFileReference; lastKnownFileType = audio.mp3; path = theme.mp3; sourceTree = "<group>"; };
		781B9D771A02A537008EA800 /* Sprites.atlas */ = {isa = PBXFileReference; lastKnownFileType = folder.skatlas; path = Sprites.atlas; sourceTree = "<group>"; };
		781B9D791A02A579008EA800 /* background.png */ = {isa = PBXFileReference; lastKnownFileType = image.png; path = background.png; sourceTree = "<group>"; };
		781B9D7A1A02A579008EA800 /* background@2x.png */ = {isa = PBXFileReference; lastKnownFileType = image.png; path = "background@2x.png"; sourceTree = "<group>"; };
		781B9D7B1A02A579008EA800 /* gameboard.png */ = {isa = PBXFileReference; lastKnownFileType = image.png; path = gameboard.png; sourceTree = "<group>"; };
		781B9D7C1A02A579008EA800 /* gameboard@2x.png */ = {isa = PBXFileReference; lastKnownFileType = image.png; path = "gameboard@2x.png"; sourceTree = "<group>"; };
		781B9D7D1A02A579008EA800 /* whitebg.png */ = {isa = PBXFileReference; lastKnownFileType = image.png; path = whitebg.png; sourceTree = "<group>"; };
		781B9D7E1A02A579008EA800 /* whitebg@2x.png */ = {isa = PBXFileReference; lastKnownFileType = image.png; path = "whitebg@2x.png"; sourceTree = "<group>"; };
/* End PBXFileReference section */

/* Begin PBXFrameworksBuildPhase section */
		781B9D2D1A02A24D008EA800 /* Frameworks */ = {
			isa = PBXFrameworksBuildPhase;
			buildActionMask = 2147483647;
			files = (
			);
			runOnlyForDeploymentPostprocessing = 0;
		};
		781B9D431A02A24D008EA800 /* Frameworks */ = {
			isa = PBXFrameworksBuildPhase;
			buildActionMask = 2147483647;
			files = (
			);
			runOnlyForDeploymentPostprocessing = 0;
		};
/* End PBXFrameworksBuildPhase section */

/* Begin PBXGroup section */
		781B9D271A02A24D008EA800 = {
			isa = PBXGroup;
			children = (
				781B9D321A02A24D008EA800 /* iTetris */,
				781B9D491A02A24D008EA800 /* iTetrisTests */,
				781B9D311A02A24D008EA800 /* Products */,
			);
			sourceTree = "<group>";
		};
		781B9D311A02A24D008EA800 /* Products */ = {
			isa = PBXGroup;
			children = (
				781B9D301A02A24D008EA800 /* iTetris.app */,
				781B9D461A02A24D008EA800 /* iTetrisTests.xctest */,
			);
			name = Products;
			sourceTree = "<group>";
		};
		781B9D321A02A24D008EA800 /* iTetris */ = {
			isa = PBXGroup;
			children = (
				781B9D351A02A24D008EA800 /* AppDelegate.swift */,
				781B9D561A02A380008EA800 /* Block.swift */,
				781B9D581A02A398008EA800 /* Shape.swift */,
				781B9D5A1A02A3A8008EA800 /* ITetris.swift */,
				781B9D5C1A02A3B7008EA800 /* LineShape.swift */,
				781B9D5E1A02A3C1008EA800 /* LShape.swift */,
				781B9D601A02A3C8008EA800 /* JShape.swift */,
				781B9D621A02A3D2008EA800 /* SShape.swift */,
				781B9D641A02A3D9008EA800 /* ZShape.swift */,
				781B9D661A02A3E5008EA800 /* SquareShape.swift */,
				781B9D681A02A3EC008EA800 /* TShape.swift */,
				781B9D6A1A02A3F8008EA800 /* Array2D.swift */,
				781B9D391A02A24D008EA800 /* GameScene.swift */,
				781B9D3B1A02A24D008EA800 /* GameViewController.swift */,
				781B9D3D1A02A24D008EA800 /* Main.storyboard */,
				781B9D401A02A24D008EA800 /* Images.xcassets */,
				781B9D771A02A537008EA800 /* Sprites.atlas */,
				781B9D6C1A02A517008EA800 /* Sounds */,
				781B9D331A02A24D008EA800 /* Supporting Files */,
			);
			path = iTetris;
			sourceTree = "<group>";
		};
		781B9D331A02A24D008EA800 /* Supporting Files */ = {
			isa = PBXGroup;
			children = (
				781B9D791A02A579008EA800 /* background.png */,
				781B9D7A1A02A579008EA800 /* background@2x.png */,
				781B9D7B1A02A579008EA800 /* gameboard.png */,
				781B9D7C1A02A579008EA800 /* gameboard@2x.png */,
				781B9D7D1A02A579008EA800 /* whitebg.png */,
				781B9D7E1A02A579008EA800 /* whitebg@2x.png */,
				781B9D341A02A24D008EA800 /* Info.plist */,
			);
			name = "Supporting Files";
			sourceTree = "<group>";
		};
		781B9D491A02A24D008EA800 /* iTetrisTests */ = {
			isa = PBXGroup;
			children = (
				781B9D4C1A02A24D008EA800 /* iTetrisTests.swift */,
				781B9D4A1A02A24D008EA800 /* Supporting Files */,
			);
			path = iTetrisTests;
			sourceTree = "<group>";
		};
		781B9D4A1A02A24D008EA800 /* Supporting Files */ = {
			isa = PBXGroup;
			children = (
				781B9D4B1A02A24D008EA800 /* Info.plist */,
			);
			name = "Supporting Files";
			sourceTree = "<group>";
		};
		781B9D6C1A02A517008EA800 /* Sounds */ = {
			isa = PBXGroup;
			children = (
				781B9D6D1A02A517008EA800 /* bomb.mp3 */,
				781B9D6E1A02A517008EA800 /* drop.mp3 */,
				781B9D6F1A02A517008EA800 /* gameover.mp3 */,
				781B9D701A02A517008EA800 /* levelup.mp3 */,
				781B9D711A02A517008EA800 /* theme.mp3 */,
			);
			path = Sounds;
			sourceTree = "<group>";
		};
/* End PBXGroup section */

/* Begin PBXNativeTarget section */
		781B9D2F1A02A24D008EA800 /* iTetris */ = {
			isa = PBXNativeTarget;
			buildConfigurationList = 781B9D501A02A24D008EA800 /* Build configuration list for PBXNativeTarget "iTetris" */;
			buildPhases = (
				781B9D2C1A02A24D008EA800 /* Sources */,
				781B9D2D1A02A24D008EA800 /* Frameworks */,
				781B9D2E1A02A24D008EA800 /* Resources */,
			);
			buildRules = (
			);
			dependencies = (
			);
			name = iTetris;
			productName = iTetris;
			productReference = 781B9D301A02A24D008EA800 /* iTetris.app */;
			productType = "com.apple.product-type.application";
		};
		781B9D451A02A24D008EA800 /* iTetrisTests */ = {
			isa = PBXNativeTarget;
			buildConfigurationList = 781B9D531A02A24D008EA800 /* Build configuration list for PBXNativeTarget "iTetrisTests" */;
			buildPhases = (
				781B9D421A02A24D008EA800 /* Sources */,
				781B9D431A02A24D008EA800 /* Frameworks */,
				781B9D441A02A24D008EA800 /* Resources */,
			);
			buildRules = (
			);
			dependencies = (
				781B9D481A02A24D008EA800 /* PBXTargetDependency */,
			);
			name = iTetrisTests;
			productName = iTetrisTests;
			productReference = 781B9D461A02A24D008EA800 /* iTetrisTests.xctest */;
			productType = "com.apple.product-type.bundle.unit-test";
		};
/* End PBXNativeTarget section */

/* Begin PBXProject section */
		781B9D281A02A24D008EA800 /* Project object */ = {
			isa = PBXProject;
			attributes = {
				LastUpgradeCheck = 0600;
				ORGANIZATIONNAME = "Bernardo Silva";
				TargetAttributes = {
					781B9D2F1A02A24D008EA800 = {
						CreatedOnToolsVersion = 6.0;
					};
					781B9D451A02A24D008EA800 = {
						CreatedOnToolsVersion = 6.0;
						TestTargetID = 781B9D2F1A02A24D008EA800;
					};
				};
			};
			buildConfigurationList = 781B9D2B1A02A24D008EA800 /* Build configuration list for PBXProject "iTetris" */;
			compatibilityVersion = "Xcode 3.2";
			developmentRegion = English;
			hasScannedForEncodings = 0;
			knownRegions = (
				en,
				Base,
			);
			mainGroup = 781B9D271A02A24D008EA800;
			productRefGroup = 781B9D311A02A24D008EA800 /* Products */;
			projectDirPath = "";
			projectRoot = "";
			targets = (
				781B9D2F1A02A24D008EA800 /* iTetris */,
				781B9D451A02A24D008EA800 /* iTetrisTests */,
			);
		};
/* End PBXProject section */

/* Begin PBXResourcesBuildPhase section */
		781B9D2E1A02A24D008EA800 /* Resources */ = {
			isa = PBXResourcesBuildPhase;
			buildActionMask = 2147483647;
			files = (
				781B9D411A02A24D008EA800 /* Images.xcassets in Resources */,
				781B9D741A02A517008EA800 /* gameover.mp3 in Resources */,
				781B9D831A02A579008EA800 /* whitebg.png in Resources */,
				781B9D781A02A537008EA800 /* Sprites.atlas in Resources */,
				781B9D821A02A579008EA800 /* gameboard@2x.png in Resources */,
				781B9D3F1A02A24D008EA800 /* Main.storyboard in Resources */,
				781B9D721A02A517008EA800 /* bomb.mp3 in Resources */,
				781B9D841A02A579008EA800 /* whitebg@2x.png in Resources */,
				781B9D751A02A517008EA800 /* levelup.mp3 in Resources */,
				781B9D761A02A517008EA800 /* theme.mp3 in Resources */,
				781B9D7F1A02A579008EA800 /* background.png in Resources */,
				781B9D801A02A579008EA800 /* background@2x.png in Resources */,
				781B9D811A02A579008EA800 /* gameboard.png in Resources */,
				781B9D731A02A517008EA800 /* drop.mp3 in Resources */,
			);
			runOnlyForDeploymentPostprocessing = 0;
		};
		781B9D441A02A24D008EA800 /* Resources */ = {
			isa = PBXResourcesBuildPhase;
			buildActionMask = 2147483647;
			files = (
			);
			runOnlyForDeploymentPostprocessing = 0;
		};
/* End PBXResourcesBuildPhase section */

/* Begin PBXSourcesBuildPhase section */
		781B9D2C1A02A24D008EA800 /* Sources */ = {
			isa = PBXSourcesBuildPhase;
			buildActionMask = 2147483647;
			files = (
				781B9D591A02A398008EA800 /* Shape.swift in Sources */,
				781B9D3A1A02A24D008EA800 /* GameScene.swift in Sources */,
				781B9D671A02A3E5008EA800 /* SquareShape.swift in Sources */,
				781B9D5B1A02A3A8008EA800 /* ITetris.swift in Sources */,
				781B9D571A02A380008EA800 /* Block.swift in Sources */,
				781B9D611A02A3C8008EA800 /* JShape.swift in Sources */,
				781B9D631A02A3D2008EA800 /* SShape.swift in Sources */,
				781B9D6B1A02A3F8008EA800 /* Array2D.swift in Sources */,
				781B9D5F1A02A3C1008EA800 /* LShape.swift in Sources */,
				781B9D3C1A02A24D008EA800 /* GameViewController.swift in Sources */,
				781B9D651A02A3D9008EA800 /* ZShape.swift in Sources */,
				781B9D691A02A3EC008EA800 /* TShape.swift in Sources */,
				781B9D361A02A24D008EA800 /* AppDelegate.swift in Sources */,
				781B9D5D1A02A3B7008EA800 /* LineShape.swift in Sources */,
			);
			runOnlyForDeploymentPostprocessing = 0;
		};
		781B9D421A02A24D008EA800 /* Sources */ = {
			isa = PBXSourcesBuildPhase;
			buildActionMask = 2147483647;
			files = (
				781B9D4D1A02A24D008EA800 /* iTetrisTests.swift in Sources */,
			);
			runOnlyForDeploymentPostprocessing = 0;
		};
/* End PBXSourcesBuildPhase section */

/* Begin PBXTargetDependency section */
		781B9D481A02A24D008EA800 /* PBXTargetDependency */ = {
			isa = PBXTargetDependency;
			target = 781B9D2F1A02A24D008EA800 /* iTetris */;
			targetProxy = 781B9D471A02A24D008EA800 /* PBXContainerItemProxy */;
		};
/* End PBXTargetDependency section */

/* Begin PBXVariantGroup section */
		781B9D3D1A02A24D008EA800 /* Main.storyboard */ = {
			isa = PBXVariantGroup;
			children = (
				781B9D3E1A02A24D008EA800 /* Base */,
			);
			name = Main.storyboard;
			sourceTree = "<group>";
		};
/* End PBXVariantGroup section */

/* Begin XCBuildConfiguration section */
		781B9D4E1A02A24D008EA800 /* Debug */ = {
			isa = XCBuildConfiguration;
			buildSettings = {
				ALWAYS_SEARCH_USER_PATHS = NO;
				CLANG_CXX_LANGUAGE_STANDARD = "gnu++0x";
				CLANG_CXX_LIBRARY = "libc++";
				CLANG_ENABLE_MODULES = YES;
				CLANG_ENABLE_OBJC_ARC = YES;
				CLANG_WARN_BOOL_CONVERSION = YES;
				CLANG_WARN_CONSTANT_CONVERSION = YES;
				CLANG_WARN_DIRECT_OBJC_ISA_USAGE = YES_ERROR;
				CLANG_WARN_EMPTY_BODY = YES;
				CLANG_WARN_ENUM_CONVERSION = YES;
				CLANG_WARN_INT_CONVERSION = YES;
				CLANG_WARN_OBJC_ROOT_CLASS = YES_ERROR;
				CLANG_WARN_UNREACHABLE_CODE = YES;
				CLANG_WARN__DUPLICATE_METHOD_MATCH = YES;
				"CODE_SIGN_IDENTITY[sdk=iphoneos*]" = "iPhone Developer";
				COPY_PHASE_STRIP = NO;
				ENABLE_STRICT_OBJC_MSGSEND = YES;
				GCC_C_LANGUAGE_STANDARD = gnu99;
				GCC_DYNAMIC_NO_PIC = NO;
				GCC_OPTIMIZATION_LEVEL = 0;
				GCC_PREPROCESSOR_DEFINITIONS = (
					"DEBUG=1",
					"$(inherited)",
				);
				GCC_SYMBOLS_PRIVATE_EXTERN = NO;
				GCC_WARN_64_TO_32_BIT_CONVERSION = YES;
				GCC_WARN_ABOUT_RETURN_TYPE = YES_ERROR;
				GCC_WARN_UNDECLARED_SELECTOR = YES;
				GCC_WARN_UNINITIALIZED_AUTOS = YES_AGGRESSIVE;
				GCC_WARN_UNUSED_FUNCTION = YES;
				GCC_WARN_UNUSED_VARIABLE = YES;
				IPHONEOS_DEPLOYMENT_TARGET = 8.0;
				MTL_ENABLE_DEBUG_INFO = YES;
				ONLY_ACTIVE_ARCH = YES;
				SDKROOT = iphoneos;
				SWIFT_OPTIMIZATION_LEVEL = "-Onone";
			};
			name = Debug;
		};
		781B9D4F1A02A24D008EA800 /* Release */ = {
			isa = XCBuildConfiguration;
			buildSettings = {
				ALWAYS_SEARCH_USER_PATHS = NO;
				CLANG_CXX_LANGUAGE_STANDARD = "gnu++0x";
				CLANG_CXX_LIBRARY = "libc++";
				CLANG_ENABLE_MODULES = YES;
				CLANG_ENABLE_OBJC_ARC = YES;
				CLANG_WARN_BOOL_CONVERSION = YES;
				CLANG_WARN_CONSTANT_CONVERSION = YES;
				CLANG_WARN_DIRECT_OBJC_ISA_USAGE = YES_ERROR;
				CLANG_WARN_EMPTY_BODY = YES;
				CLANG_WARN_ENUM_CONVERSION = YES;
				CLANG_WARN_INT_CONVERSION = YES;
				CLANG_WARN_OBJC_ROOT_CLASS = YES_ERROR;
				CLANG_WARN_UNREACHABLE_CODE = YES;
				CLANG_WARN__DUPLICATE_METHOD_MATCH = YES;
				"CODE_SIGN_IDENTITY[sdk=iphoneos*]" = "iPhone Developer";
				COPY_PHASE_STRIP = YES;
				ENABLE_NS_ASSERTIONS = NO;
				ENABLE_STRICT_OBJC_MSGSEND = YES;
				GCC_C_LANGUAGE_STANDARD = gnu99;
				GCC_WARN_64_TO_32_BIT_CONVERSION = YES;
				GCC_WARN_ABOUT_RETURN_TYPE = YES_ERROR;
				GCC_WARN_UNDECLARED_SELECTOR = YES;
				GCC_WARN_UNINITIALIZED_AUTOS = YES_AGGRESSIVE;
				GCC_WARN_UNUSED_FUNCTION = YES;
				GCC_WARN_UNUSED_VARIABLE = YES;
				IPHONEOS_DEPLOYMENT_TARGET = 8.0;
				MTL_ENABLE_DEBUG_INFO = NO;
				SDKROOT = iphoneos;
				VALIDATE_PRODUCT = YES;
			};
			name = Release;
		};
		781B9D511A02A24D008EA800 /* Debug */ = {
			isa = XCBuildConfiguration;
			buildSettings = {
				ASSETCATALOG_COMPILER_APPICON_NAME = AppIcon;
				ASSETCATALOG_COMPILER_LAUNCHIMAGE_NAME = LaunchImage;
				INFOPLIST_FILE = iTetris/Info.plist;
				LD_RUNPATH_SEARCH_PATHS = "$(inherited) @executable_path/Frameworks";
				PRODUCT_NAME = "$(TARGET_NAME)";
			};
			name = Debug;
		};
		781B9D521A02A24D008EA800 /* Release */ = {
			isa = XCBuildConfiguration;
			buildSettings = {
				ASSETCATALOG_COMPILER_APPICON_NAME = AppIcon;
				ASSETCATALOG_COMPILER_LAUNCHIMAGE_NAME = LaunchImage;
				INFOPLIST_FILE = iTetris/Info.plist;
				LD_RUNPATH_SEARCH_PATHS = "$(inherited) @executable_path/Frameworks";
				PRODUCT_NAME = "$(TARGET_NAME)";
			};
			name = Release;
		};
		781B9D541A02A24D008EA800 /* Debug */ = {
			isa = XCBuildConfiguration;
			buildSettings = {
				BUNDLE_LOADER = "$(TEST_HOST)";
				FRAMEWORK_SEARCH_PATHS = (
					"$(SDKROOT)/Developer/Library/Frameworks",
					"$(inherited)",
				);
				GCC_PREPROCESSOR_DEFINITIONS = (
					"DEBUG=1",
					"$(inherited)",
				);
				INFOPLIST_FILE = iTetrisTests/Info.plist;
				LD_RUNPATH_SEARCH_PATHS = "$(inherited) @executable_path/Frameworks @loader_path/Frameworks";
				PRODUCT_NAME = "$(TARGET_NAME)";
				TEST_HOST = "$(BUILT_PRODUCTS_DIR)/iTetris.app/iTetris";
			};
			name = Debug;
		};
		781B9D551A02A24D008EA800 /* Release */ = {
			isa = XCBuildConfiguration;
			buildSettings = {
				BUNDLE_LOADER = "$(TEST_HOST)";
				FRAMEWORK_SEARCH_PATHS = (
					"$(SDKROOT)/Developer/Library/Frameworks",
					"$(inherited)",
				);
				INFOPLIST_FILE = iTetrisTests/Info.plist;
				LD_RUNPATH_SEARCH_PATHS = "$(inherited) @executable_path/Frameworks @loader_path/Frameworks";
				PRODUCT_NAME = "$(TARGET_NAME)";
				TEST_HOST = "$(BUILT_PRODUCTS_DIR)/iTetris.app/iTetris";
			};
			name = Release;
		};
/* End XCBuildConfiguration section */

/* Begin XCConfigurationList section */
		781B9D2B1A02A24D008EA800 /* Build configuration list for PBXProject "iTetris" */ = {
			isa = XCConfigurationList;
			buildConfigurations = (
				781B9D4E1A02A24D008EA800 /* Debug */,
				781B9D4F1A02A24D008EA800 /* Release */,
			);
			defaultConfigurationIsVisible = 0;
			defaultConfigurationName = Release;
		};
		781B9D501A02A24D008EA800 /* Build configuration list for PBXNativeTarget "iTetris" */ = {
			isa = XCConfigurationList;
			buildConfigurations = (
				781B9D511A02A24D008EA800 /* Debug */,
				781B9D521A02A24D008EA800 /* Release */,
			);
			defaultConfigurationIsVisible = 0;
		};
		781B9D531A02A24D008EA800 /* Build configuration list for PBXNativeTarget "iTetrisTests" */ = {
			isa = XCConfigurationList;
			buildConfigurations = (
				781B9D541A02A24D008EA800 /* Debug */,
				781B9D551A02A24D008EA800 /* Release */,
			);
			defaultConfigurationIsVisible = 0;
		};
/* End XCConfigurationList section */
	};
	rootObject = 781B9D281A02A24D008EA800 /* Project object */;
}
